
Microsoft Visual Studio Solution File, Format Version 12.00
# Visual Studio Version 16
VisualStudioVersion = 16.0.30717.126
MinimumVisualStudioVersion = 10.0.40219.1
Project("{FAE04EC0-301F-11D3-BF4B-00C04F79EFBC}") = "SetMyBrainChart", "SetMyBrainChart\SetMyBrainChart.csproj", "{F430F7D0-FCDC-4404-B234-089F15BD7801}"
EndProject
Project("{FAE04EC0-301F-11D3-BF4B-00C04F79EFBC}") = "SetMyBrainWPFChart", "SetMyBrainWPFChart\SetMyBrainWPFChart.csproj", "{88DE68BA-F027-4C00-B90B-6B9E3447AB53}"
EndProject
Project("{9A19103F-16F7-4668-BE54-9A1E7A4F7556}") = "AppSettings", "..\AppSettings\AppSettings\AppSettings.csproj", "{7EAD603D-C84A-4FF5-9D07-3D7C3DA3C016}"
EndProject
Project("{FAE04EC0-301F-11D3-BF4B-00C04F79EFBC}") = "Connector", "..\Connector\Connector\Connector.csproj", "{A87836BD-111F-4297-831A-69E44BDD4F03}"
EndProject
Project("{FAE04EC0-301F-11D3-BF4B-00C04F79EFBC}") = "SetMyBrainChartTest", "SetMyBrainChartTest\SetMyBrainChartTest.csproj", "{2DEAD4A8-A159-4CE3-B6E0-EF80A7694421}"
EndProject
Global
	GlobalSection(SolutionConfigurationPlatforms) = preSolution
		Debug|Any CPU = Debug|Any CPU
		Release|Any CPU = Release|Any CPU
	EndGlobalSection
	GlobalSection(ProjectConfigurationPlatforms) = postSolution
		{F430F7D0-FCDC-4404-B234-089F15BD7801}.Debug|Any CPU.ActiveCfg = Debug|Any CPU
		{F430F7D0-FCDC-4404-B234-089F15BD7801}.Debug|Any CPU.Build.0 = Debug|Any CPU
		{F430F7D0-FCDC-4404-B234-089F15BD7801}.Release|Any CPU.ActiveCfg = Release|Any CPU
		{F430F7D0-FCDC-4404-B234-089F15BD7801}.Release|Any CPU.Build.0 = Release|Any CPU
		{88DE68BA-F027-4C00-B90B-6B9E3447AB53}.Debug|Any CPU.ActiveCfg = Debug|Any CPU
		{88DE68BA-F027-4C00-B90B-6B9E3447AB53}.Debug|Any CPU.Build.0 = Debug|Any CPU
		{88DE68BA-F027-4C00-B90B-6B9E3447AB53}.Release|Any CPU.ActiveCfg = Release|Any CPU
		{88DE68BA-F027-4C00-B90B-6B9E3447AB53}.Release|Any CPU.Build.0 = Release|Any CPU
		{7EAD603D-C84A-4FF5-9D07-3D7C3DA3C016}.Debug|Any CPU.ActiveCfg = Debug|Any CPU
		{7EAD603D-C84A-4FF5-9D07-3D7C3DA3C016}.Debug|Any CPU.Build.0 = Debug|Any CPU
		{7EAD603D-C84A-4FF5-9D07-3D7C3DA3C016}.Release|Any CPU.ActiveCfg = Release|Any CPU
		{7EAD603D-C84A-4FF5-9D07-3D7C3DA3C016}.Release|Any CPU.Build.0 = Release|Any CPU
		{A87836BD-111F-4297-831A-69E44BDD4F03}.Debug|Any CPU.ActiveCfg = Debug|Any CPU
		{A87836BD-111F-4297-831A-69E44BDD4F03}.Debug|Any CPU.Build.0 = Debug|Any CPU
		{A87836BD-111F-4297-831A-69E44BDD4F03}.Release|Any CPU.ActiveCfg = Release|Any CPU
		{A87836BD-111F-4297-831A-69E44BDD4F03}.Release|Any CPU.Build.0 = Release|Any CPU
		{2DEAD4A8-A159-4CE3-B6E0-EF80A7694421}.Debug|Any CPU.ActiveCfg = Debug|Any CPU
		{2DEAD4A8-A159-4CE3-B6E0-EF80A7694421}.Debug|Any CPU.Build.0 = Debug|Any CPU
		{2DEAD4A8-A159-4CE3-B6E0-EF80A7694421}.Release|Any CPU.ActiveCfg = Release|Any CPU
		{2DEAD4A8-A159-4CE3-B6E0-EF80A7694421}.Release|Any CPU.Build.0 = Release|Any CPU
	EndGlobalSection
	GlobalSection(SolutionProperties) = preSolution
		HideSolutionNode = FALSE
	EndGlobalSection
	GlobalSection(ExtensibilityGlobals) = postSolution
		SolutionGuid = {DEFF7FC3-8510-4142-8B72-6630CCF8335D}
	EndGlobalSection
EndGlobal
